
Microsoft Visual Studio Solution File, Format Version 12.00
# Visual Studio Version 16
VisualStudioVersion = 16.0.33027.164
MinimumVisualStudioVersion = 10.0.40219.1
Project("{FAE04EC0-301F-11D3-BF4B-00C04F79EFBC}") = "lab3ex3v2", "lab3ex3v2\lab3ex3v2.csproj", "{7E593A3F-C10C-4DB1-8292-49EE582699AA}"
EndProject
Global
	GlobalSection(SolutionConfigurationPlatforms) = preSolution
		Debug|Any CPU = Debug|Any CPU
		Release|Any CPU = Release|Any CPU
	EndGlobalSection
	GlobalSection(ProjectConfigurationPlatforms) = postSolution
		{7E593A3F-C10C-4DB1-8292-49EE582699AA}.Debug|Any CPU.ActiveCfg = Debug|Any CPU
		{7E593A3F-C10C-4DB1-8292-49EE582699AA}.Debug|Any CPU.Build.0 = Debug|Any CPU
		{7E593A3F-C10C-4DB1-8292-49EE582699AA}.Release|Any CPU.ActiveCfg = Release|Any CPU
		{7E593A3F-C10C-4DB1-8292-49EE582699AA}.Release|Any CPU.Build.0 = Release|Any CPU
	EndGlobalSection
	GlobalSection(SolutionProperties) = preSolution
		HideSolutionNode = FALSE
	EndGlobalSection
	GlobalSection(ExtensibilityGlobals) = postSolution
		SolutionGuid = {98B1CB59-A1AC-4F12-871E-D0C6FE93F577}
	EndGlobalSection
EndGlobal
